
Microsoft Visual Studio Solution File, Format Version 12.00
# Visual Studio 15
VisualStudioVersion = 15.0.27703.2035
MinimumVisualStudioVersion = 10.0.40219.1
Project("{FAE04EC0-301F-11D3-BF4B-00C04F79EFBC}") = "SiCoVe", "SiCoVe\SiCoVe.csproj", "{DAFC3BE8-337F-4566-B5F7-8576FB28813C}"
EndProject
Project("{FAE04EC0-301F-11D3-BF4B-00C04F79EFBC}") = "OpenAlprApi", "csharp\src\OpenAlprApi\OpenAlprApi.csproj", "{28674E2C-C26D-4E6D-A26C-EFB062E9348E}"
EndProject
Global
	GlobalSection(SolutionConfigurationPlatforms) = preSolution
		Debug|Any CPU = Debug|Any CPU
		Release|Any CPU = Release|Any CPU
	EndGlobalSection
	GlobalSection(ProjectConfigurationPlatforms) = postSolution
		{DAFC3BE8-337F-4566-B5F7-8576FB28813C}.Debug|Any CPU.ActiveCfg = Debug|Any CPU
		{DAFC3BE8-337F-4566-B5F7-8576FB28813C}.Debug|Any CPU.Build.0 = Debug|Any CPU
		{DAFC3BE8-337F-4566-B5F7-8576FB28813C}.Release|Any CPU.ActiveCfg = Release|Any CPU
		{DAFC3BE8-337F-4566-B5F7-8576FB28813C}.Release|Any CPU.Build.0 = Release|Any CPU
		{28674E2C-C26D-4E6D-A26C-EFB062E9348E}.Debug|Any CPU.ActiveCfg = Debug|Any CPU
		{28674E2C-C26D-4E6D-A26C-EFB062E9348E}.Debug|Any CPU.Build.0 = Debug|Any CPU
		{28674E2C-C26D-4E6D-A26C-EFB062E9348E}.Release|Any CPU.ActiveCfg = Release|Any CPU
		{28674E2C-C26D-4E6D-A26C-EFB062E9348E}.Release|Any CPU.Build.0 = Release|Any CPU
	EndGlobalSection
	GlobalSection(SolutionProperties) = preSolution
		HideSolutionNode = FALSE
	EndGlobalSection
	GlobalSection(ExtensibilityGlobals) = postSolution
		SolutionGuid = {61084B0A-6015-46EE-B300-FF3AF2A8C13A}
	EndGlobalSection
EndGlobal
